
Microsoft Visual Studio Solution File, Format Version 12.00
# Visual Studio Version 16
VisualStudioVersion = 16.0.32901.82
MinimumVisualStudioVersion = 10.0.40219.1
Project("{8BC9CEB8-8B4A-11D0-8D11-00A0C91BC942}") = "dumper", "dumper\dumper.vcxproj", "{CCA7A1D6-82A1-483E-A866-2BF3D3067AC6}"
EndProject
Global
	GlobalSection(SolutionConfigurationPlatforms) = preSolution
		Debug|x64 = Debug|x64
		Debug|x86 = Debug|x86
		Release|x64 = Release|x64
		Release|x86 = Release|x86
	EndGlobalSection
	GlobalSection(ProjectConfigurationPlatforms) = postSolution
		{CCA7A1D6-82A1-483E-A866-2BF3D3067AC6}.Debug|x64.ActiveCfg = Debug|x64
		{CCA7A1D6-82A1-483E-A866-2BF3D3067AC6}.Debug|x64.Build.0 = Debug|x64
		{CCA7A1D6-82A1-483E-A866-2BF3D3067AC6}.Debug|x86.ActiveCfg = Debug|Win32
		{CCA7A1D6-82A1-483E-A866-2BF3D3067AC6}.Debug|x86.Build.0 = Debug|Win32
		{CCA7A1D6-82A1-483E-A866-2BF3D3067AC6}.Release|x64.ActiveCfg = Release|x64
		{CCA7A1D6-82A1-483E-A866-2BF3D3067AC6}.Release|x64.Build.0 = Release|x64
		{CCA7A1D6-82A1-483E-A866-2BF3D3067AC6}.Release|x86.ActiveCfg = Release|Win32
		{CCA7A1D6-82A1-483E-A866-2BF3D3067AC6}.Release|x86.Build.0 = Release|Win32
	EndGlobalSection
	GlobalSection(SolutionProperties) = preSolution
		HideSolutionNode = FALSE
	EndGlobalSection
	GlobalSection(ExtensibilityGlobals) = postSolution
		SolutionGuid = {D4809ABD-60A7-403D-B56A-A4815678EDD0}
	EndGlobalSection
EndGlobal
